
Microsoft Visual Studio Solution File, Format Version 12.00
# Visual Studio Version 17
VisualStudioVersion = 17.1.32328.378
MinimumVisualStudioVersion = 10.0.40219.1
Project("{FAE04EC0-301F-11D3-BF4B-00C04F79EFBC}") = "Etec_Biblioteca", "Etec_Biblioteca\Etec_Biblioteca.csproj", "{32584D75-859B-44DB-A7C6-2B4FE600AA05}"
EndProject
Global
	GlobalSection(SolutionConfigurationPlatforms) = preSolution
		Debug|Any CPU = Debug|Any CPU
		Release|Any CPU = Release|Any CPU
	EndGlobalSection
	GlobalSection(ProjectConfigurationPlatforms) = postSolution
		{32584D75-859B-44DB-A7C6-2B4FE600AA05}.Debug|Any CPU.ActiveCfg = Debug|Any CPU
		{32584D75-859B-44DB-A7C6-2B4FE600AA05}.Debug|Any CPU.Build.0 = Debug|Any CPU
		{32584D75-859B-44DB-A7C6-2B4FE600AA05}.Release|Any CPU.ActiveCfg = Release|Any CPU
		{32584D75-859B-44DB-A7C6-2B4FE600AA05}.Release|Any CPU.Build.0 = Release|Any CPU
	EndGlobalSection
	GlobalSection(SolutionProperties) = preSolution
		HideSolutionNode = FALSE
	EndGlobalSection
	GlobalSection(ExtensibilityGlobals) = postSolution
		SolutionGuid = {DC24D542-C2A0-4098-B743-E81B772E1D0B}
	EndGlobalSection
EndGlobal
